
Microsoft Visual Studio Solution File, Format Version 12.00
Project("{FAE04EC0-301F-11D3-BF4B-00C04F79EFBC}") = "ArrayStackSharp", "ArrayStackSharp\ArrayStackSharp.csproj", "{8E44CDCE-8498-4BF3-B7FC-63DAE6C0E027}"
EndProject
Project("{FAE04EC0-301F-11D3-BF4B-00C04F79EFBC}") = "LinkedListStack", "LinkedListStack\LinkedListStack.csproj", "{CF2E6579-DA5B-4B59-B556-92F14A3F7FEB}"
EndProject
Project("{FAE04EC0-301F-11D3-BF4B-00C04F79EFBC}") = "Calculator", "Calculator\Calculator.csproj", "{B8844D70-3B17-46E9-ACCA-E6A881F6ECDB}"
EndProject
Project("{FAE04EC0-301F-11D3-BF4B-00C04F79EFBC}") = "CircularQueue", "CircularQueue\CircularQueue.csproj", "{ED1168E5-FEF7-4ED1-88A5-6C60AED15FDE}"
EndProject
Project("{FAE04EC0-301F-11D3-BF4B-00C04F79EFBC}") = "LinkedQueue", "LinkedQueue\LinkedQueue.csproj", "{21E800A6-32E5-4B04-A66D-F4BA05C00CAF}"
EndProject
Project("{FAE04EC0-301F-11D3-BF4B-00C04F79EFBC}") = "LCRSTree", "LCRSTree\LCRSTree.csproj", "{F6C37001-A004-4244-BD69-B648935772B1}"
EndProject
Project("{FAE04EC0-301F-11D3-BF4B-00C04F79EFBC}") = "SBTree", "SBTree\SBTree.csproj", "{23915944-A9B6-4746-8F5E-9A02B8A1C432}"
EndProject
Global
	GlobalSection(SolutionConfigurationPlatforms) = preSolution
		Debug|Any CPU = Debug|Any CPU
		Release|Any CPU = Release|Any CPU
	EndGlobalSection
	GlobalSection(ProjectConfigurationPlatforms) = postSolution
		{8E44CDCE-8498-4BF3-B7FC-63DAE6C0E027}.Debug|Any CPU.ActiveCfg = Debug|Any CPU
		{8E44CDCE-8498-4BF3-B7FC-63DAE6C0E027}.Debug|Any CPU.Build.0 = Debug|Any CPU
		{8E44CDCE-8498-4BF3-B7FC-63DAE6C0E027}.Release|Any CPU.ActiveCfg = Release|Any CPU
		{8E44CDCE-8498-4BF3-B7FC-63DAE6C0E027}.Release|Any CPU.Build.0 = Release|Any CPU
		{CF2E6579-DA5B-4B59-B556-92F14A3F7FEB}.Debug|Any CPU.ActiveCfg = Debug|Any CPU
		{CF2E6579-DA5B-4B59-B556-92F14A3F7FEB}.Debug|Any CPU.Build.0 = Debug|Any CPU
		{CF2E6579-DA5B-4B59-B556-92F14A3F7FEB}.Release|Any CPU.ActiveCfg = Release|Any CPU
		{CF2E6579-DA5B-4B59-B556-92F14A3F7FEB}.Release|Any CPU.Build.0 = Release|Any CPU
		{B8844D70-3B17-46E9-ACCA-E6A881F6ECDB}.Debug|Any CPU.ActiveCfg = Debug|Any CPU
		{B8844D70-3B17-46E9-ACCA-E6A881F6ECDB}.Debug|Any CPU.Build.0 = Debug|Any CPU
		{B8844D70-3B17-46E9-ACCA-E6A881F6ECDB}.Release|Any CPU.ActiveCfg = Release|Any CPU
		{B8844D70-3B17-46E9-ACCA-E6A881F6ECDB}.Release|Any CPU.Build.0 = Release|Any CPU
		{ED1168E5-FEF7-4ED1-88A5-6C60AED15FDE}.Debug|Any CPU.ActiveCfg = Debug|Any CPU
		{ED1168E5-FEF7-4ED1-88A5-6C60AED15FDE}.Debug|Any CPU.Build.0 = Debug|Any CPU
		{ED1168E5-FEF7-4ED1-88A5-6C60AED15FDE}.Release|Any CPU.ActiveCfg = Release|Any CPU
		{ED1168E5-FEF7-4ED1-88A5-6C60AED15FDE}.Release|Any CPU.Build.0 = Release|Any CPU
		{21E800A6-32E5-4B04-A66D-F4BA05C00CAF}.Debug|Any CPU.ActiveCfg = Debug|Any CPU
		{21E800A6-32E5-4B04-A66D-F4BA05C00CAF}.Debug|Any CPU.Build.0 = Debug|Any CPU
		{21E800A6-32E5-4B04-A66D-F4BA05C00CAF}.Release|Any CPU.ActiveCfg = Release|Any CPU
		{21E800A6-32E5-4B04-A66D-F4BA05C00CAF}.Release|Any CPU.Build.0 = Release|Any CPU
		{F6C37001-A004-4244-BD69-B648935772B1}.Debug|Any CPU.ActiveCfg = Debug|Any CPU
		{F6C37001-A004-4244-BD69-B648935772B1}.Debug|Any CPU.Build.0 = Debug|Any CPU
		{F6C37001-A004-4244-BD69-B648935772B1}.Release|Any CPU.ActiveCfg = Release|Any CPU
		{F6C37001-A004-4244-BD69-B648935772B1}.Release|Any CPU.Build.0 = Release|Any CPU
		{23915944-A9B6-4746-8F5E-9A02B8A1C432}.Debug|Any CPU.ActiveCfg = Debug|Any CPU
		{23915944-A9B6-4746-8F5E-9A02B8A1C432}.Debug|Any CPU.Build.0 = Debug|Any CPU
		{23915944-A9B6-4746-8F5E-9A02B8A1C432}.Release|Any CPU.ActiveCfg = Release|Any CPU
		{23915944-A9B6-4746-8F5E-9A02B8A1C432}.Release|Any CPU.Build.0 = Release|Any CPU
	EndGlobalSection
EndGlobal
